
Microsoft Visual Studio Solution File, Format Version 12.00
# Visual Studio Version 17
VisualStudioVersion = 17.0.31903.59
MinimumVisualStudioVersion = 10.0.40219.1
Project("{FAE04EC0-301F-11D3-BF4B-00C04F79EFBC}") = "Todo.Api", "Todo.Api\Todo.Api.csproj", "{A792E415-8673-430D-AB4A-6097EF075AE9}"
EndProject
Project("{FAE04EC0-301F-11D3-BF4B-00C04F79EFBC}") = "Todo.Core", "Todo.Core\Todo.Core.csproj", "{0F833577-7D35-4351-8DF7-C56000097320}"
EndProject
Global
	GlobalSection(SolutionConfigurationPlatforms) = preSolution
		Debug|Any CPU = Debug|Any CPU
		Release|Any CPU = Release|Any CPU
	EndGlobalSection
	GlobalSection(SolutionProperties) = preSolution
		HideSolutionNode = FALSE
	EndGlobalSection
	GlobalSection(ProjectConfigurationPlatforms) = postSolution
		{A792E415-8673-430D-AB4A-6097EF075AE9}.Debug|Any CPU.ActiveCfg = Debug|Any CPU
		{A792E415-8673-430D-AB4A-6097EF075AE9}.Debug|Any CPU.Build.0 = Debug|Any CPU
		{A792E415-8673-430D-AB4A-6097EF075AE9}.Release|Any CPU.ActiveCfg = Release|Any CPU
		{A792E415-8673-430D-AB4A-6097EF075AE9}.Release|Any CPU.Build.0 = Release|Any CPU
		{0F833577-7D35-4351-8DF7-C56000097320}.Debug|Any CPU.ActiveCfg = Debug|Any CPU
		{0F833577-7D35-4351-8DF7-C56000097320}.Debug|Any CPU.Build.0 = Debug|Any CPU
		{0F833577-7D35-4351-8DF7-C56000097320}.Release|Any CPU.ActiveCfg = Release|Any CPU
		{0F833577-7D35-4351-8DF7-C56000097320}.Release|Any CPU.Build.0 = Release|Any CPU
	EndGlobalSection
EndGlobal
